
Microsoft Visual Studio Solution File, Format Version 12.00
# Visual Studio Version 17
VisualStudioVersion = 17.8.34525.116
MinimumVisualStudioVersion = 10.0.40219.1
Project("{FAE04EC0-301F-11D3-BF4B-00C04F79EFBC}") = "Kalender", "Kalender\Kalender.csproj", "{2E3C3B30-7333-4956-8D75-2090DD0F767F}"
EndProject
Global
	GlobalSection(SolutionConfigurationPlatforms) = preSolution
		Debug|Any CPU = Debug|Any CPU
		Release|Any CPU = Release|Any CPU
	EndGlobalSection
	GlobalSection(ProjectConfigurationPlatforms) = postSolution
		{2E3C3B30-7333-4956-8D75-2090DD0F767F}.Debug|Any CPU.ActiveCfg = Debug|Any CPU
		{2E3C3B30-7333-4956-8D75-2090DD0F767F}.Debug|Any CPU.Build.0 = Debug|Any CPU
		{2E3C3B30-7333-4956-8D75-2090DD0F767F}.Release|Any CPU.ActiveCfg = Release|Any CPU
		{2E3C3B30-7333-4956-8D75-2090DD0F767F}.Release|Any CPU.Build.0 = Release|Any CPU
	EndGlobalSection
	GlobalSection(SolutionProperties) = preSolution
		HideSolutionNode = FALSE
	EndGlobalSection
	GlobalSection(ExtensibilityGlobals) = postSolution
		SolutionGuid = {64105E34-C6CA-41AC-8EDE-DD6B0F297D95}
	EndGlobalSection
EndGlobal
